[[package]]
name = "beautifulsoup4"
version = "4.12.2"
description = "Screen-scraping library"
category = "main"
optional = false
python-versions = ">=3.6.0"

[package.dependencies]
soupsieve = ">1.2"

[package.extras]
html5lib = ["html5lib"]
lxml = ["lxml"]

[[package]]
name = "biopython"
version = "1.81"
description = "Freely available tools for computational molecular biology."
category = "main"
optional = false
python-versions = ">=3.7"

[package.dependencies]
numpy = "*"

[[package]]
name = "bs4"
version = "0.0.1"
description = "Dummy package for Beautiful Soup"
category = "main"
optional = false
python-versions = "*"

[package.dependencies]
beautifulsoup4 = "*"

[[package]]
name = "lxml"
version = "4.9.2"
description = "Powerful and Pythonic XML processing library combining libxml2/libxslt with the ElementTree API."
category = "main"
optional = false
python-versions = ">=2.7, !=3.0.*, !=3.1.*, !=3.2.*, !=3.3.*, != 3.4.*"

[package.extras]
cssselect = ["cssselect (>=0.7)"]
html5 = ["html5lib"]
htmlsoup = ["beautifulsoup4"]
source = ["Cython (>=0.29.7)"]

[[package]]
name = "numpy"
version = "1.24.3"
description = "Fundamental package for array computing in Python"
category = "main"
optional = false
python-versions = ">=3.8"

[[package]]
name = "pyproteins"
version = "2.0.0"
description = "General purpose bionformatics library"
category = "main"
optional = false
python-versions = ">=3.8,<4.0"

[package.dependencies]
biopython = ">=1.79,<2.0"
bs4 = ">=0.0.1,<0.0.2"
lxml = ">=4.7.1,<5.0.0"
numpy = ">=1.22.2,<2.0.0"

[[package]]
name = "soupsieve"
version = "2.4.1"
description = "A modern CSS selector implementation for Beautiful Soup."
category = "main"
optional = false
python-versions = ">=3.7"

[metadata]
lock-version = "1.1"
python-versions = ">=3.8,<4.0"
content-hash = "2c25b27ace77877f6426a52b3ef2352659c301ca775f75f8307aa90e064beb96"

[metadata.files]
beautifulsoup4 = []
biopython = []
bs4 = [
    {file = "bs4-0.0.1.tar.gz", hash = "sha256:36ecea1fd7cc5c0c6e4a1ff075df26d50da647b75376626cc186e2212886dd3a"},
]
lxml = []
numpy = []
pyproteins = [
    {file = "pyproteins-2.0.0-py3-none-any.whl", hash = "sha256:c9ca8aea8d76b18da8ac4087507ac48dc9d0732e4a7be1f2de17bf22b84e1ba7"},
    {file = "pyproteins-2.0.0.tar.gz", hash = "sha256:f84b0bf67adc6379520e6d4fb6f2692f39381d6737c6e037f5a931d1f9bcd2d9"},
]
soupsieve = []
